
Microsoft Visual Studio Solution File, Format Version 12.00
# Visual Studio Version 17
VisualStudioVersion = 17.0.31903.59
MinimumVisualStudioVersion = 10.0.40219.1
Project("{FAE04EC0-301F-11D3-BF4B-00C04F79EFBC}") = "FarmProject.Application", "FarmProject.Application\FarmProject.Application.csproj", "{F01FA922-926F-4EAE-9F1B-03076F1A6650}"
EndProject
Project("{FAE04EC0-301F-11D3-BF4B-00C04F79EFBC}") = "FarmProject.Infrastructure", "FarmProject.Infrastructure\FarmProject.Infrastructure.csproj", "{F2F6686A-9E4F-438D-8678-FEEB1C59BF64}"
EndProject
Project("{FAE04EC0-301F-11D3-BF4B-00C04F79EFBC}") = "FarmProject.Domain.UnitTests", "FarmProject.Domain.UnitTests\FarmProject.Domain.UnitTests.csproj", "{02438E3C-84FD-4295-87A8-A393E53D75F5}"
EndProject
Project("{FAE04EC0-301F-11D3-BF4B-00C04F79EFBC}") = "FarmProject.Infrastructure.Migrations", "FarmProject.Infrastructure.Migrations\FarmProject.Infrastructure.Migrations.csproj", "{3EF7A084-3E2B-46AC-9CB9-9B6D69EB5F31}"
EndProject
Project("{FAE04EC0-301F-11D3-BF4B-00C04F79EFBC}") = "FarmProject.API", "FarmProject.API\FarmProject.API.csproj", "{22D2B261-FA60-4B4D-934D-C708E4607074}"
EndProject
Project("{FAE04EC0-301F-11D3-BF4B-00C04F79EFBC}") = "FarmProject.API.IntegrationTests", "FarmProject.API.IntegrationTests\FarmProject.API.IntegrationTests.csproj", "{C7358717-C297-4CE0-81D0-0C2EC5F71B43}"
EndProject
Project("{FAE04EC0-301F-11D3-BF4B-00C04F79EFBC}") = "FarmProject.Application.UnitTests", "FarmProject.Application.UnitTests\FarmProject.Application.UnitTests.csproj", "{BBB0A2E3-F006-4F74-BA54-A7A3044D12BF}"
EndProject
Project("{FAE04EC0-301F-11D3-BF4B-00C04F79EFBC}") = "FarmProject.Domain", "FarmProject.Domain\FarmProject.Domain.csproj", "{909A2605-108E-4568-A048-CBE5D37BAB1A}"
EndProject
Global
	GlobalSection(SolutionConfigurationPlatforms) = preSolution
		Debug|Any CPU = Debug|Any CPU
		Debug|x64 = Debug|x64
		Debug|x86 = Debug|x86
		Release|Any CPU = Release|Any CPU
		Release|x64 = Release|x64
		Release|x86 = Release|x86
	EndGlobalSection
	GlobalSection(ProjectConfigurationPlatforms) = postSolution
		{F01FA922-926F-4EAE-9F1B-03076F1A6650}.Debug|Any CPU.ActiveCfg = Debug|Any CPU
		{F01FA922-926F-4EAE-9F1B-03076F1A6650}.Debug|Any CPU.Build.0 = Debug|Any CPU
		{F01FA922-926F-4EAE-9F1B-03076F1A6650}.Debug|x64.ActiveCfg = Debug|Any CPU
		{F01FA922-926F-4EAE-9F1B-03076F1A6650}.Debug|x64.Build.0 = Debug|Any CPU
		{F01FA922-926F-4EAE-9F1B-03076F1A6650}.Debug|x86.ActiveCfg = Debug|Any CPU
		{F01FA922-926F-4EAE-9F1B-03076F1A6650}.Debug|x86.Build.0 = Debug|Any CPU
		{F01FA922-926F-4EAE-9F1B-03076F1A6650}.Release|Any CPU.ActiveCfg = Release|Any CPU
		{F01FA922-926F-4EAE-9F1B-03076F1A6650}.Release|Any CPU.Build.0 = Release|Any CPU
		{F01FA922-926F-4EAE-9F1B-03076F1A6650}.Release|x64.ActiveCfg = Release|Any CPU
		{F01FA922-926F-4EAE-9F1B-03076F1A6650}.Release|x64.Build.0 = Release|Any CPU
		{F01FA922-926F-4EAE-9F1B-03076F1A6650}.Release|x86.ActiveCfg = Release|Any CPU
		{F01FA922-926F-4EAE-9F1B-03076F1A6650}.Release|x86.Build.0 = Release|Any CPU
		{F2F6686A-9E4F-438D-8678-FEEB1C59BF64}.Debug|Any CPU.ActiveCfg = Debug|Any CPU
		{F2F6686A-9E4F-438D-8678-FEEB1C59BF64}.Debug|Any CPU.Build.0 = Debug|Any CPU
		{F2F6686A-9E4F-438D-8678-FEEB1C59BF64}.Debug|x64.ActiveCfg = Debug|Any CPU
		{F2F6686A-9E4F-438D-8678-FEEB1C59BF64}.Debug|x64.Build.0 = Debug|Any CPU
		{F2F6686A-9E4F-438D-8678-FEEB1C59BF64}.Debug|x86.ActiveCfg = Debug|Any CPU
		{F2F6686A-9E4F-438D-8678-FEEB1C59BF64}.Debug|x86.Build.0 = Debug|Any CPU
		{F2F6686A-9E4F-438D-8678-FEEB1C59BF64}.Release|Any CPU.ActiveCfg = Release|Any CPU
		{F2F6686A-9E4F-438D-8678-FEEB1C59BF64}.Release|Any CPU.Build.0 = Release|Any CPU
		{F2F6686A-9E4F-438D-8678-FEEB1C59BF64}.Release|x64.ActiveCfg = Release|Any CPU
		{F2F6686A-9E4F-438D-8678-FEEB1C59BF64}.Release|x64.Build.0 = Release|Any CPU
		{F2F6686A-9E4F-438D-8678-FEEB1C59BF64}.Release|x86.ActiveCfg = Release|Any CPU
		{F2F6686A-9E4F-438D-8678-FEEB1C59BF64}.Release|x86.Build.0 = Release|Any CPU
		{02438E3C-84FD-4295-87A8-A393E53D75F5}.Debug|Any CPU.ActiveCfg = Debug|Any CPU
		{02438E3C-84FD-4295-87A8-A393E53D75F5}.Debug|Any CPU.Build.0 = Debug|Any CPU
		{02438E3C-84FD-4295-87A8-A393E53D75F5}.Debug|x64.ActiveCfg = Debug|Any CPU
		{02438E3C-84FD-4295-87A8-A393E53D75F5}.Debug|x64.Build.0 = Debug|Any CPU
		{02438E3C-84FD-4295-87A8-A393E53D75F5}.Debug|x86.ActiveCfg = Debug|Any CPU
		{02438E3C-84FD-4295-87A8-A393E53D75F5}.Debug|x86.Build.0 = Debug|Any CPU
		{02438E3C-84FD-4295-87A8-A393E53D75F5}.Release|Any CPU.ActiveCfg = Release|Any CPU
		{02438E3C-84FD-4295-87A8-A393E53D75F5}.Release|Any CPU.Build.0 = Release|Any CPU
		{02438E3C-84FD-4295-87A8-A393E53D75F5}.Release|x64.ActiveCfg = Release|Any CPU
		{02438E3C-84FD-4295-87A8-A393E53D75F5}.Release|x64.Build.0 = Release|Any CPU
		{02438E3C-84FD-4295-87A8-A393E53D75F5}.Release|x86.ActiveCfg = Release|Any CPU
		{02438E3C-84FD-4295-87A8-A393E53D75F5}.Release|x86.Build.0 = Release|Any CPU
		{3EF7A084-3E2B-46AC-9CB9-9B6D69EB5F31}.Debug|Any CPU.ActiveCfg = Debug|Any CPU
		{3EF7A084-3E2B-46AC-9CB9-9B6D69EB5F31}.Debug|Any CPU.Build.0 = Debug|Any CPU
		{3EF7A084-3E2B-46AC-9CB9-9B6D69EB5F31}.Debug|x64.ActiveCfg = Debug|Any CPU
		{3EF7A084-3E2B-46AC-9CB9-9B6D69EB5F31}.Debug|x64.Build.0 = Debug|Any CPU
		{3EF7A084-3E2B-46AC-9CB9-9B6D69EB5F31}.Debug|x86.ActiveCfg = Debug|Any CPU
		{3EF7A084-3E2B-46AC-9CB9-9B6D69EB5F31}.Debug|x86.Build.0 = Debug|Any CPU
		{3EF7A084-3E2B-46AC-9CB9-9B6D69EB5F31}.Release|Any CPU.ActiveCfg = Release|Any CPU
		{3EF7A084-3E2B-46AC-9CB9-9B6D69EB5F31}.Release|Any CPU.Build.0 = Release|Any CPU
		{3EF7A084-3E2B-46AC-9CB9-9B6D69EB5F31}.Release|x64.ActiveCfg = Release|Any CPU
		{3EF7A084-3E2B-46AC-9CB9-9B6D69EB5F31}.Release|x64.Build.0 = Release|Any CPU
		{3EF7A084-3E2B-46AC-9CB9-9B6D69EB5F31}.Release|x86.ActiveCfg = Release|Any CPU
		{3EF7A084-3E2B-46AC-9CB9-9B6D69EB5F31}.Release|x86.Build.0 = Release|Any CPU
		{22D2B261-FA60-4B4D-934D-C708E4607074}.Debug|Any CPU.ActiveCfg = Debug|Any CPU
		{22D2B261-FA60-4B4D-934D-C708E4607074}.Debug|Any CPU.Build.0 = Debug|Any CPU
		{22D2B261-FA60-4B4D-934D-C708E4607074}.Debug|x64.ActiveCfg = Debug|Any CPU
		{22D2B261-FA60-4B4D-934D-C708E4607074}.Debug|x64.Build.0 = Debug|Any CPU
		{22D2B261-FA60-4B4D-934D-C708E4607074}.Debug|x86.ActiveCfg = Debug|Any CPU
		{22D2B261-FA60-4B4D-934D-C708E4607074}.Debug|x86.Build.0 = Debug|Any CPU
		{22D2B261-FA60-4B4D-934D-C708E4607074}.Release|Any CPU.ActiveCfg = Release|Any CPU
		{22D2B261-FA60-4B4D-934D-C708E4607074}.Release|Any CPU.Build.0 = Release|Any CPU
		{22D2B261-FA60-4B4D-934D-C708E4607074}.Release|x64.ActiveCfg = Release|Any CPU
		{22D2B261-FA60-4B4D-934D-C708E4607074}.Release|x64.Build.0 = Release|Any CPU
		{22D2B261-FA60-4B4D-934D-C708E4607074}.Release|x86.ActiveCfg = Release|Any CPU
		{22D2B261-FA60-4B4D-934D-C708E4607074}.Release|x86.Build.0 = Release|Any CPU
		{C7358717-C297-4CE0-81D0-0C2EC5F71B43}.Debug|Any CPU.ActiveCfg = Debug|Any CPU
		{C7358717-C297-4CE0-81D0-0C2EC5F71B43}.Debug|Any CPU.Build.0 = Debug|Any CPU
		{C7358717-C297-4CE0-81D0-0C2EC5F71B43}.Debug|x64.ActiveCfg = Debug|Any CPU
		{C7358717-C297-4CE0-81D0-0C2EC5F71B43}.Debug|x64.Build.0 = Debug|Any CPU
		{C7358717-C297-4CE0-81D0-0C2EC5F71B43}.Debug|x86.ActiveCfg = Debug|Any CPU
		{C7358717-C297-4CE0-81D0-0C2EC5F71B43}.Debug|x86.Build.0 = Debug|Any CPU
		{C7358717-C297-4CE0-81D0-0C2EC5F71B43}.Release|Any CPU.ActiveCfg = Release|Any CPU
		{C7358717-C297-4CE0-81D0-0C2EC5F71B43}.Release|Any CPU.Build.0 = Release|Any CPU
		{C7358717-C297-4CE0-81D0-0C2EC5F71B43}.Release|x64.ActiveCfg = Release|Any CPU
		{C7358717-C297-4CE0-81D0-0C2EC5F71B43}.Release|x64.Build.0 = Release|Any CPU
		{C7358717-C297-4CE0-81D0-0C2EC5F71B43}.Release|x86.ActiveCfg = Release|Any CPU
		{C7358717-C297-4CE0-81D0-0C2EC5F71B43}.Release|x86.Build.0 = Release|Any CPU
		{BBB0A2E3-F006-4F74-BA54-A7A3044D12BF}.Debug|Any CPU.ActiveCfg = Debug|Any CPU
		{BBB0A2E3-F006-4F74-BA54-A7A3044D12BF}.Debug|Any CPU.Build.0 = Debug|Any CPU
		{BBB0A2E3-F006-4F74-BA54-A7A3044D12BF}.Debug|x64.ActiveCfg = Debug|Any CPU
		{BBB0A2E3-F006-4F74-BA54-A7A3044D12BF}.Debug|x64.Build.0 = Debug|Any CPU
		{BBB0A2E3-F006-4F74-BA54-A7A3044D12BF}.Debug|x86.ActiveCfg = Debug|Any CPU
		{BBB0A2E3-F006-4F74-BA54-A7A3044D12BF}.Debug|x86.Build.0 = Debug|Any CPU
		{BBB0A2E3-F006-4F74-BA54-A7A3044D12BF}.Release|Any CPU.ActiveCfg = Release|Any CPU
		{BBB0A2E3-F006-4F74-BA54-A7A3044D12BF}.Release|Any CPU.Build.0 = Release|Any CPU
		{BBB0A2E3-F006-4F74-BA54-A7A3044D12BF}.Release|x64.ActiveCfg = Release|Any CPU
		{BBB0A2E3-F006-4F74-BA54-A7A3044D12BF}.Release|x64.Build.0 = Release|Any CPU
		{BBB0A2E3-F006-4F74-BA54-A7A3044D12BF}.Release|x86.ActiveCfg = Release|Any CPU
		{BBB0A2E3-F006-4F74-BA54-A7A3044D12BF}.Release|x86.Build.0 = Release|Any CPU
		{909A2605-108E-4568-A048-CBE5D37BAB1A}.Debug|Any CPU.ActiveCfg = Debug|Any CPU
		{909A2605-108E-4568-A048-CBE5D37BAB1A}.Debug|Any CPU.Build.0 = Debug|Any CPU
		{909A2605-108E-4568-A048-CBE5D37BAB1A}.Debug|x64.ActiveCfg = Debug|Any CPU
		{909A2605-108E-4568-A048-CBE5D37BAB1A}.Debug|x64.Build.0 = Debug|Any CPU
		{909A2605-108E-4568-A048-CBE5D37BAB1A}.Debug|x86.ActiveCfg = Debug|Any CPU
		{909A2605-108E-4568-A048-CBE5D37BAB1A}.Debug|x86.Build.0 = Debug|Any CPU
		{909A2605-108E-4568-A048-CBE5D37BAB1A}.Release|Any CPU.ActiveCfg = Release|Any CPU
		{909A2605-108E-4568-A048-CBE5D37BAB1A}.Release|Any CPU.Build.0 = Release|Any CPU
		{909A2605-108E-4568-A048-CBE5D37BAB1A}.Release|x64.ActiveCfg = Release|Any CPU
		{909A2605-108E-4568-A048-CBE5D37BAB1A}.Release|x64.Build.0 = Release|Any CPU
		{909A2605-108E-4568-A048-CBE5D37BAB1A}.Release|x86.ActiveCfg = Release|Any CPU
		{909A2605-108E-4568-A048-CBE5D37BAB1A}.Release|x86.Build.0 = Release|Any CPU
	EndGlobalSection
	GlobalSection(SolutionProperties) = preSolution
		HideSolutionNode = FALSE
	EndGlobalSection
	GlobalSection(ExtensibilityGlobals) = postSolution
		SolutionGuid = {0FC26308-8996-462C-852C-6EC4581D6A05}
	EndGlobalSection
EndGlobal
